{
  "version": 4,
  "terraform_version": "1.6.6",
  "serial": 358,
  "lineage": "d438f559-3f24-c18d-25d1-fdf0b533852a",
  "outputs": {
    "alb_dns_name": {
      "value": "lamp-lb-tf-568194406.us-east-1.elb.amazonaws.com",
      "type": "string"
    }
  },
  "resources": [
    {
      "mode": "managed",
      "type": "aws_autoscaling_group",
      "name": "lamp_asg",
      "provider": "provider[\"registry.terraform.io/hashicorp/aws\"]",
      "instances": [
        {
          "schema_version": 1,
          "attributes": {
            "arn": "arn:aws:autoscaling:us-east-1:356031655355:autoScalingGroup:e989cd9b-c7ad-4011-b5ed-ac0125353b98:autoScalingGroupName/lamp_asg",
            "availability_zones": [
              "us-east-1a",
              "us-east-1b",
              "us-east-1c",
              "us-east-1d"
            ],
            "capacity_rebalance": false,
            "context": "",
            "default_cooldown": 300,
            "default_instance_warmup": 0,
            "desired_capacity": 4,
            "desired_capacity_type": "",
            "enabled_metrics": null,
            "force_delete": false,
            "force_delete_warm_pool": false,
            "health_check_grace_period": 300,
            "health_check_type": "EC2",
            "id": "lamp_asg",
            "ignore_failed_scaling_activities": false,
            "initial_lifecycle_hook": [],
            "instance_maintenance_policy": [],
            "instance_refresh": [],
            "launch_configuration": "",
            "launch_template": [
              {
                "id": "lt-0a58b78e5c5abd838",
                "name": "web_server_template",
                "version": "$Latest"
              }
            ],
            "load_balancers": [],
            "max_instance_lifetime": 0,
            "max_size": 8,
            "metrics_granularity": "1Minute",
            "min_elb_capacity": null,
            "min_size": 4,
            "mixed_instances_policy": [],
            "name": "lamp_asg",
            "name_prefix": "",
            "placement_group": "",
            "predicted_capacity": 0,
            "protect_from_scale_in": false,
            "service_linked_role_arn": "arn:aws:iam::356031655355:role/aws-service-role/autoscaling.amazonaws.com/AWSServiceRoleForAutoScaling",
            "suspended_processes": null,
            "tag": [],
            "target_group_arns": [],
            "termination_policies": [
              "OldestInstance"
            ],
            "timeouts": null,
            "traffic_source": [],
            "vpc_zone_identifier": [
              "subnet-035c90d72fb6e65dc",
              "subnet-0a7993e3c62eda6f1",
              "subnet-0b2abf6619b74b83b",
              "subnet-0e59c8e8ad1b63013"
            ],
            "wait_for_capacity_timeout": "10m",
            "wait_for_elb_capacity": null,
            "warm_pool": [],
            "warm_pool_size": 0
          },
          "sensitive_attributes": [],
          "private": "eyJlMmJmYjczMC1lY2FhLTExZTYtOGY4OC0zNDM2M2JjN2M0YzAiOnsiZGVsZXRlIjo2MDAwMDAwMDAwMDAsInVwZGF0ZSI6NjAwMDAwMDAwMDAwfSwic2NoZW1hX3ZlcnNpb24iOiIxIn0=",
          "dependencies": [
            "aws_launch_template.lamp_launch_template",
            "aws_security_group.lamp_sg",
            "module.lamp-vpc.aws_subnet.public_subnets",
            "module.lamp-vpc.aws_vpc.lamp-vpc"
          ]
        }
      ]
    },
    {
      "mode": "managed",
      "type": "aws_autoscaling_policy",
      "name": "asg_scale_down",
      "provider": "provider[\"registry.terraform.io/hashicorp/aws\"]",
      "instances": [
        {
          "schema_version": 0,
          "attributes": {
            "adjustment_type": "ChangeInCapacity",
            "arn": "arn:aws:autoscaling:us-east-1:356031655355:scalingPolicy:36ea4c6e-d032-4c5d-b808-7b5c4f6d44a8:autoScalingGroupName/lamp_asg:policyName/server_scale_down",
            "autoscaling_group_name": "lamp_asg",
            "cooldown": 60,
            "enabled": true,
            "estimated_instance_warmup": 0,
            "id": "server_scale_down",
            "metric_aggregation_type": "",
            "min_adjustment_magnitude": 0,
            "name": "server_scale_down",
            "policy_type": "SimpleScaling",
            "predictive_scaling_configuration": [],
            "scaling_adjustment": -1,
            "step_adjustment": [],
            "target_tracking_configuration": []
          },
          "sensitive_attributes": [],
          "private": "bnVsbA==",
          "dependencies": [
            "aws_autoscaling_group.lamp_asg",
            "aws_launch_template.lamp_launch_template",
            "aws_security_group.lamp_sg",
            "module.lamp-vpc.aws_subnet.public_subnets",
            "module.lamp-vpc.aws_vpc.lamp-vpc"
          ]
        }
      ]
    },
    {
      "mode": "managed",
      "type": "aws_autoscaling_policy",
      "name": "asg_scale_up",
      "provider": "provider[\"registry.terraform.io/hashicorp/aws\"]",
      "instances": [
        {
          "schema_version": 0,
          "attributes": {
            "adjustment_type": "ChangeInCapacity",
            "arn": "arn:aws:autoscaling:us-east-1:356031655355:scalingPolicy:adaed67e-d7e1-4967-a57b-c42db2c21259:autoScalingGroupName/lamp_asg:policyName/server_scale_up",
            "autoscaling_group_name": "lamp_asg",
            "cooldown": 60,
            "enabled": true,
            "estimated_instance_warmup": 0,
            "id": "server_scale_up",
            "metric_aggregation_type": "",
            "min_adjustment_magnitude": 0,
            "name": "server_scale_up",
            "policy_type": "SimpleScaling",
            "predictive_scaling_configuration": [],
            "scaling_adjustment": 1,
            "step_adjustment": [],
            "target_tracking_configuration": []
          },
          "sensitive_attributes": [],
          "private": "bnVsbA==",
          "dependencies": [
            "aws_autoscaling_group.lamp_asg",
            "aws_launch_template.lamp_launch_template",
            "aws_security_group.lamp_sg",
            "module.lamp-vpc.aws_subnet.public_subnets",
            "module.lamp-vpc.aws_vpc.lamp-vpc"
          ]
        }
      ]
    },
    {
      "mode": "managed",
      "type": "aws_cloudwatch_metric_alarm",
      "name": "cw_scale_up",
      "provider": "provider[\"registry.terraform.io/hashicorp/aws\"]",
      "instances": [
        {
          "schema_version": 1,
          "attributes": {
            "actions_enabled": true,
            "alarm_actions": [
              "arn:aws:autoscaling:us-east-1:356031655355:scalingPolicy:adaed67e-d7e1-4967-a57b-c42db2c21259:autoScalingGroupName/lamp_asg:policyName/server_scale_up"
            ],
            "alarm_description": "This metric monitors ec2 cpu utilization and scales up",
            "alarm_name": "cpuUtil_scaleUp",
            "arn": "arn:aws:cloudwatch:us-east-1:356031655355:alarm:cpuUtil_scaleUp",
            "comparison_operator": "GreaterThanOrEqualToThreshold",
            "datapoints_to_alarm": 0,
            "dimensions": {
              "AutoScalingGroupName": "lamp_asg"
            },
            "evaluate_low_sample_count_percentiles": "",
            "evaluation_periods": 1,
            "extended_statistic": "",
            "id": "cpuUtil_scaleUp",
            "insufficient_data_actions": null,
            "metric_name": "CPUUtilization",
            "metric_query": [],
            "namespace": "AWS/EC2",
            "ok_actions": null,
            "period": 60,
            "statistic": "Average",
            "tags": null,
            "tags_all": {},
            "threshold": 50,
            "threshold_metric_id": "",
            "treat_missing_data": "missing",
            "unit": ""
          },
          "sensitive_attributes": [],
          "private": "eyJzY2hlbWFfdmVyc2lvbiI6IjEifQ==",
          "dependencies": [
            "aws_autoscaling_group.lamp_asg",
            "aws_autoscaling_policy.asg_scale_up",
            "aws_launch_template.lamp_launch_template",
            "aws_security_group.lamp_sg",
            "module.lamp-vpc.aws_subnet.public_subnets",
            "module.lamp-vpc.aws_vpc.lamp-vpc"
          ]
        }
      ]
    },
    {
      "mode": "managed",
      "type": "aws_cloudwatch_metric_alarm",
      "name": "scale_down",
      "provider": "provider[\"registry.terraform.io/hashicorp/aws\"]",
      "instances": [
        {
          "schema_version": 1,
          "attributes": {
            "actions_enabled": true,
            "alarm_actions": [
              "arn:aws:autoscaling:us-east-1:356031655355:scalingPolicy:36ea4c6e-d032-4c5d-b808-7b5c4f6d44a8:autoScalingGroupName/lamp_asg:policyName/server_scale_down"
            ],
            "alarm_description": "This metric monitors ec2 cpu utilization and scales down",
            "alarm_name": "cpuUtil_scaleDown",
            "arn": "arn:aws:cloudwatch:us-east-1:356031655355:alarm:cpuUtil_scaleDown",
            "comparison_operator": "LessThanOrEqualToThreshold",
            "datapoints_to_alarm": 0,
            "dimensions": {
              "AutoScalingGroupName": "lamp_asg"
            },
            "evaluate_low_sample_count_percentiles": "",
            "evaluation_periods": 1,
            "extended_statistic": "",
            "id": "cpuUtil_scaleDown",
            "insufficient_data_actions": null,
            "metric_name": "CPUUtilization",
            "metric_query": [],
            "namespace": "AWS/EC2",
            "ok_actions": null,
            "period": 60,
            "statistic": "Average",
            "tags": null,
            "tags_all": {},
            "threshold": 10,
            "threshold_metric_id": "",
            "treat_missing_data": "missing",
            "unit": ""
          },
          "sensitive_attributes": [],
          "private": "eyJzY2hlbWFfdmVyc2lvbiI6IjEifQ==",
          "dependencies": [
            "aws_autoscaling_group.lamp_asg",
            "aws_autoscaling_policy.asg_scale_down",
            "aws_launch_template.lamp_launch_template",
            "aws_security_group.lamp_sg",
            "module.lamp-vpc.aws_subnet.public_subnets",
            "module.lamp-vpc.aws_vpc.lamp-vpc"
          ]
        }
      ]
    },
    {
      "mode": "managed",
      "type": "aws_key_pair",
      "name": "key",
      "provider": "provider[\"registry.terraform.io/hashicorp/aws\"]",
      "instances": [
        {
          "schema_version": 1,
          "attributes": {
            "arn": "arn:aws:ec2:us-east-1:356031655355:key-pair/lamp_key",
            "fingerprint": "37VfH81+YDV9puawU1BtBze7c/MU1rVoyPWhdtk9VYw=",
            "id": "lamp_key",
            "key_name": "lamp_key",
            "key_name_prefix": "",
            "key_pair_id": "key-0999ef2c70611d30e",
            "key_type": "ed25519",
            "public_key": "ssh-ed25519 AAAAC3NzaC1lZDI1NTE5AAAAILwukzAU6hYUa2XEpEEYCndPet5gdd+plAMCEs7OdcSf arete\\ahaughton@DC-LOANER25",
            "tags": null,
            "tags_all": {}
          },
          "sensitive_attributes": [],
          "private": "eyJzY2hlbWFfdmVyc2lvbiI6IjEifQ=="
        }
      ]
    },
    {
      "mode": "managed",
      "type": "aws_launch_template",
      "name": "lamp_launch_template",
      "provider": "provider[\"registry.terraform.io/hashicorp/aws\"]",
      "instances": [
        {
          "schema_version": 0,
          "attributes": {
            "arn": "arn:aws:ec2:us-east-1:356031655355:launch-template/lt-0a58b78e5c5abd838",
            "block_device_mappings": [
              {
                "device_name": "/dev/sdf",
                "ebs": [
                  {
                    "delete_on_termination": "",
                    "encrypted": "",
                    "iops": 0,
                    "kms_key_id": "",
                    "snapshot_id": "",
                    "throughput": 0,
                    "volume_size": 8,
                    "volume_type": ""
                  }
                ],
                "no_device": "",
                "virtual_name": ""
              }
            ],
            "capacity_reservation_specification": [
              {
                "capacity_reservation_preference": "open",
                "capacity_reservation_target": []
              }
            ],
            "cpu_options": [],
            "credit_specification": [],
            "default_version": 1,
            "description": "",
            "disable_api_stop": false,
            "disable_api_termination": false,
            "ebs_optimized": "",
            "elastic_gpu_specifications": [],
            "elastic_inference_accelerator": [],
            "enclave_options": [],
            "hibernation_options": [],
            "iam_instance_profile": [],
            "id": "lt-0a58b78e5c5abd838",
            "image_id": "ami-079db87dc4c10ac91",
            "instance_initiated_shutdown_behavior": "",
            "instance_market_options": [],
            "instance_requirements": [],
            "instance_type": "t2.micro",
            "kernel_id": "",
            "key_name": "lamp_key",
            "latest_version": 1,
            "license_specification": [],
            "maintenance_options": [],
            "metadata_options": [],
            "monitoring": [
              {
                "enabled": true
              }
            ],
            "name": "web_server_template",
            "name_prefix": "",
            "network_interfaces": [
              {
                "associate_carrier_ip_address": "",
                "associate_public_ip_address": "true",
                "delete_on_termination": "",
                "description": "",
                "device_index": 0,
                "interface_type": "",
                "ipv4_address_count": 0,
                "ipv4_addresses": null,
                "ipv4_prefix_count": 0,
                "ipv4_prefixes": null,
                "ipv6_address_count": 0,
                "ipv6_addresses": null,
                "ipv6_prefix_count": 0,
                "ipv6_prefixes": null,
                "network_card_index": 0,
                "network_interface_id": "",
                "private_ip_address": "",
                "security_groups": [
                  "sg-020c7c4b54347182d"
                ],
                "subnet_id": ""
              }
            ],
            "placement": [],
            "private_dns_name_options": [],
            "ram_disk_id": "",
            "security_group_names": null,
            "tag_specifications": [
              {
                "resource_type": "instance",
                "tags": {
                  "Name": "webserver"
                }
              }
            ],
            "tags": null,
            "tags_all": {},
            "update_default_version": null,
            "user_data": "IyEvYmluL2Jhc2gNCg0KIyBJbnN0YWxsIGEgTEFNUCBzdGFjaw0KYW1hem9uLWxpbnV4LWV4dHJhcyBpbnN0YWxsIC15IGxhbXAtbWFyaWFkYjEwLjItcGhwNy4yIHBocDcuMg0KeXVtIC15IGluc3RhbGwgaHR0cGQgcGhwLW1ic3RyaW5nDQoNCiMgU3RhcnQgdGhlIHdlYiBzZXJ2ZXINCmNoa2NvbmZpZyBodHRwZCBvbg0Kc3lzdGVtY3RsIHN0YXJ0IGh0dHBkDQoNCiMgSW5zdGFsbCB0aGUgd2ViIHBhZ2VzIGZvciBvdXIgbGFiDQppZiBbICEgLWYgL3Zhci93d3cvaHRtbC9pbW1lcnNpb24tZGF5LWFwcC1waHA3LnRhci5neiBdOyB0aGVuDQogICBjZCAvdmFyL3d3dy9odG1sDQogICB3Z2V0IGh0dHBzOi8vYXdzLWpvb3plcm8uczMuYXAtbm9ydGhlYXN0LTIuYW1hem9uYXdzLmNvbS9pbW1lcnNpb24tZGF5LWFwcC1waHA3LnRhci5neiAgDQogICB0YXIgeHZmeiBpbW1lcnNpb24tZGF5LWFwcC1waHA3LnRhci5neg0KZmkNCg0KIyBJbnN0YWxsIHRoZSBBV1MgU0RLIGZvciBQSFANCmlmIFsgISAtZiAvdmFyL3d3dy9odG1sL2F3cy56aXAgXTsgdGhlbg0KICAgY2QgL3Zhci93d3cvaHRtbA0KICAgbWtkaXIgdmVuZG9yDQogICBjZCB2ZW5kb3INCiAgIHdnZXQgaHR0cHM6Ly9kb2NzLmF3cy5hbWF6b24uY29tL2F3cy1zZGstcGhwL3YzL2Rvd25sb2FkL2F3cy56aXANCiAgIHVuemlwIGF3cy56aXANCmZpDQoNCiMgVXBkYXRlIGV4aXN0aW5nIHBhY2thZ2VzDQp5dW0gLXkgdXBkYXRl",
            "vpc_security_group_ids": null
          },
          "sensitive_attributes": [],
          "private": "bnVsbA==",
          "dependencies": [
            "aws_security_group.lamp_sg",
            "module.lamp-vpc.aws_vpc.lamp-vpc"
          ]
        }
      ]
    },
    {
      "mode": "managed",
      "type": "aws_lb",
      "name": "lamp_alb",
      "provider": "provider[\"registry.terraform.io/hashicorp/aws\"]",
      "instances": [
        {
          "schema_version": 0,
          "attributes": {
            "access_logs": [
              {
                "bucket": "",
                "enabled": false,
                "prefix": ""
              }
            ],
            "arn": "arn:aws:elasticloadbalancing:us-east-1:356031655355:loadbalancer/app/lamp-lb-tf/1987585dfb3730e2",
            "arn_suffix": "app/lamp-lb-tf/1987585dfb3730e2",
            "connection_logs": [
              {
                "bucket": "",
                "enabled": false,
                "prefix": ""
              }
            ],
            "customer_owned_ipv4_pool": "",
            "desync_mitigation_mode": "defensive",
            "dns_name": "lamp-lb-tf-568194406.us-east-1.elb.amazonaws.com",
            "dns_record_client_routing_policy": null,
            "drop_invalid_header_fields": false,
            "enable_cross_zone_load_balancing": true,
            "enable_deletion_protection": false,
            "enable_http2": true,
            "enable_tls_version_and_cipher_suite_headers": false,
            "enable_waf_fail_open": false,
            "enable_xff_client_port": false,
            "enforce_security_group_inbound_rules_on_private_link_traffic": "",
            "id": "arn:aws:elasticloadbalancing:us-east-1:356031655355:loadbalancer/app/lamp-lb-tf/1987585dfb3730e2",
            "idle_timeout": 60,
            "internal": false,
            "ip_address_type": "ipv4",
            "load_balancer_type": "application",
            "name": "lamp-lb-tf",
            "name_prefix": "",
            "preserve_host_header": false,
            "security_groups": [
              "sg-020c7c4b54347182d"
            ],
            "subnet_mapping": [
              {
                "allocation_id": "",
                "ipv6_address": "",
                "outpost_id": "",
                "private_ipv4_address": "",
                "subnet_id": "subnet-035c90d72fb6e65dc"
              },
              {
                "allocation_id": "",
                "ipv6_address": "",
                "outpost_id": "",
                "private_ipv4_address": "",
                "subnet_id": "subnet-0a7993e3c62eda6f1"
              },
              {
                "allocation_id": "",
                "ipv6_address": "",
                "outpost_id": "",
                "private_ipv4_address": "",
                "subnet_id": "subnet-0b2abf6619b74b83b"
              },
              {
                "allocation_id": "",
                "ipv6_address": "",
                "outpost_id": "",
                "private_ipv4_address": "",
                "subnet_id": "subnet-0e59c8e8ad1b63013"
              }
            ],
            "subnets": [
              "subnet-035c90d72fb6e65dc",
              "subnet-0a7993e3c62eda6f1",
              "subnet-0b2abf6619b74b83b",
              "subnet-0e59c8e8ad1b63013"
            ],
            "tags": {
              "Environment": "",
              "ManagedBy": "terraform",
              "Project": "lamp"
            },
            "tags_all": {
              "Environment": "",
              "ManagedBy": "terraform",
              "Project": "lamp"
            },
            "timeouts": null,
            "vpc_id": "vpc-04c3fbcceff1f45b7",
            "xff_header_processing_mode": "append",
            "zone_id": "Z35SXDOTRQ7X7K"
          },
          "sensitive_attributes": [],
          "private": "eyJlMmJmYjczMC1lY2FhLTExZTYtOGY4OC0zNDM2M2JjN2M0YzAiOnsiY3JlYXRlIjo2MDAwMDAwMDAwMDAsImRlbGV0ZSI6NjAwMDAwMDAwMDAwLCJ1cGRhdGUiOjYwMDAwMDAwMDAwMH19",
          "dependencies": [
            "aws_security_group.lamp_sg",
            "module.lamp-vpc.aws_subnet.public_subnets",
            "module.lamp-vpc.aws_vpc.lamp-vpc"
          ]
        }
      ]
    },
    {
      "mode": "managed",
      "type": "aws_lb_listener",
      "name": "lamp_listener",
      "provider": "provider[\"registry.terraform.io/hashicorp/aws\"]",
      "instances": [
        {
          "schema_version": 0,
          "attributes": {
            "alpn_policy": null,
            "arn": "arn:aws:elasticloadbalancing:us-east-1:356031655355:listener/app/lamp-lb-tf/1987585dfb3730e2/be1b62e56ebdefaf",
            "certificate_arn": null,
            "default_action": [
              {
                "authenticate_cognito": [],
                "authenticate_oidc": [],
                "fixed_response": [
                  {
                    "content_type": "text/plain",
                    "message_body": "OK",
                    "status_code": "200"
                  }
                ],
                "forward": [],
                "order": 1,
                "redirect": [],
                "target_group_arn": "",
                "type": "fixed-response"
              }
            ],
            "id": "arn:aws:elasticloadbalancing:us-east-1:356031655355:listener/app/lamp-lb-tf/1987585dfb3730e2/be1b62e56ebdefaf",
            "load_balancer_arn": "arn:aws:elasticloadbalancing:us-east-1:356031655355:loadbalancer/app/lamp-lb-tf/1987585dfb3730e2",
            "mutual_authentication": [],
            "port": 80,
            "protocol": "HTTP",
            "ssl_policy": "",
            "tags": null,
            "tags_all": {},
            "timeouts": null
          },
          "sensitive_attributes": [],
          "private": "eyJlMmJmYjczMC1lY2FhLTExZTYtOGY4OC0zNDM2M2JjN2M0YzAiOnsiY3JlYXRlIjozMDAwMDAwMDAwMDAsInVwZGF0ZSI6MzAwMDAwMDAwMDAwfX0=",
          "dependencies": [
            "aws_lb.lamp_alb",
            "aws_security_group.lamp_sg",
            "module.lamp-vpc.aws_subnet.public_subnets",
            "module.lamp-vpc.aws_vpc.lamp-vpc"
          ]
        }
      ]
    },
    {
      "mode": "managed",
      "type": "aws_lb_listener_rule",
      "name": "lamp_listener_rule",
      "provider": "provider[\"registry.terraform.io/hashicorp/aws\"]",
      "instances": [
        {
          "schema_version": 0,
          "attributes": {
            "action": [
              {
                "authenticate_cognito": [],
                "authenticate_oidc": [],
                "fixed_response": [],
                "forward": [],
                "order": 1,
                "redirect": [],
                "target_group_arn": "arn:aws:elasticloadbalancing:us-east-1:356031655355:targetgroup/lamp-target-group/305f93f29e27ae66",
                "type": "forward"
              }
            ],
            "arn": "arn:aws:elasticloadbalancing:us-east-1:356031655355:listener-rule/app/lamp-lb-tf/1987585dfb3730e2/be1b62e56ebdefaf/270b9f230435f30c",
            "condition": [
              {
                "host_header": [
                  {
                    "values": [
                      "google.com"
                    ]
                  }
                ],
                "http_header": [],
                "http_request_method": [],
                "path_pattern": [],
                "query_string": [],
                "source_ip": []
              }
            ],
            "id": "arn:aws:elasticloadbalancing:us-east-1:356031655355:listener-rule/app/lamp-lb-tf/1987585dfb3730e2/be1b62e56ebdefaf/270b9f230435f30c",
            "listener_arn": "arn:aws:elasticloadbalancing:us-east-1:356031655355:listener/app/lamp-lb-tf/1987585dfb3730e2/be1b62e56ebdefaf",
            "priority": 1,
            "tags": null,
            "tags_all": {}
          },
          "sensitive_attributes": [],
          "private": "bnVsbA==",
          "dependencies": [
            "aws_lb.lamp_alb",
            "aws_lb_listener.lamp_listener",
            "aws_lb_target_group.lamp_target_group",
            "aws_security_group.lamp_sg",
            "module.lamp-vpc.aws_subnet.public_subnets",
            "module.lamp-vpc.aws_vpc.lamp-vpc"
          ]
        }
      ]
    },
    {
      "mode": "managed",
      "type": "aws_lb_target_group",
      "name": "lamp_target_group",
      "provider": "provider[\"registry.terraform.io/hashicorp/aws\"]",
      "instances": [
        {
          "schema_version": 0,
          "attributes": {
            "arn": "arn:aws:elasticloadbalancing:us-east-1:356031655355:targetgroup/lamp-target-group/305f93f29e27ae66",
            "arn_suffix": "targetgroup/lamp-target-group/305f93f29e27ae66",
            "connection_termination": null,
            "deregistration_delay": "300",
            "health_check": [
              {
                "enabled": true,
                "healthy_threshold": 5,
                "interval": 30,
                "matcher": "200",
                "path": "/",
                "port": "traffic-port",
                "protocol": "HTTP",
                "timeout": 5,
                "unhealthy_threshold": 2
              }
            ],
            "id": "arn:aws:elasticloadbalancing:us-east-1:356031655355:targetgroup/lamp-target-group/305f93f29e27ae66",
            "ip_address_type": "ipv4",
            "lambda_multi_value_headers_enabled": false,
            "load_balancing_algorithm_type": "round_robin",
            "load_balancing_cross_zone_enabled": "use_load_balancer_configuration",
            "name": "lamp-target-group",
            "name_prefix": "",
            "port": 80,
            "preserve_client_ip": null,
            "protocol": "HTTP",
            "protocol_version": "HTTP1",
            "proxy_protocol_v2": false,
            "slow_start": 0,
            "stickiness": [
              {
                "cookie_duration": 86400,
                "cookie_name": "",
                "enabled": false,
                "type": "lb_cookie"
              }
            ],
            "tags": null,
            "tags_all": {},
            "target_failover": [
              {
                "on_deregistration": null,
                "on_unhealthy": null
              }
            ],
            "target_health_state": [
              {
                "enable_unhealthy_connection_termination": null
              }
            ],
            "target_type": "instance",
            "vpc_id": "vpc-04c3fbcceff1f45b7"
          },
          "sensitive_attributes": [],
          "private": "bnVsbA==",
          "dependencies": [
            "module.lamp-vpc.aws_vpc.lamp-vpc"
          ]
        }
      ]
    },
    {
      "mode": "managed",
      "type": "aws_security_group",
      "name": "lamp_sg",
      "provider": "provider[\"registry.terraform.io/hashicorp/aws\"]",
      "instances": [
        {
          "schema_version": 1,
          "attributes": {
            "arn": "arn:aws:ec2:us-east-1:356031655355:security-group/sg-020c7c4b54347182d",
            "description": "Public sg to access the internet",
            "egress": [
              {
                "cidr_blocks": [
                  "0.0.0.0/0"
                ],
                "description": "",
                "from_port": 0,
                "ipv6_cidr_blocks": [],
                "prefix_list_ids": [],
                "protocol": "-1",
                "security_groups": [],
                "self": false,
                "to_port": 0
              }
            ],
            "id": "sg-020c7c4b54347182d",
            "ingress": [
              {
                "cidr_blocks": [
                  "0.0.0.0/0"
                ],
                "description": "Allow All",
                "from_port": 0,
                "ipv6_cidr_blocks": [],
                "prefix_list_ids": [],
                "protocol": "-1",
                "security_groups": [],
                "self": false,
                "to_port": 0
              }
            ],
            "name": "public-sg",
            "name_prefix": "",
            "owner_id": "356031655355",
            "revoke_rules_on_delete": false,
            "tags": {
              "Environment": "",
              "ManagedBy": "terraform",
              "Name": "my-lamp-sg",
              "Project": "lamp"
            },
            "tags_all": {
              "Environment": "",
              "ManagedBy": "terraform",
              "Name": "my-lamp-sg",
              "Project": "lamp"
            },
            "timeouts": null,
            "vpc_id": "vpc-04c3fbcceff1f45b7"
          },
          "sensitive_attributes": [],
          "private": "eyJlMmJmYjczMC1lY2FhLTExZTYtOGY4OC0zNDM2M2JjN2M0YzAiOnsiY3JlYXRlIjo2MDAwMDAwMDAwMDAsImRlbGV0ZSI6OTAwMDAwMDAwMDAwfSwic2NoZW1hX3ZlcnNpb24iOiIxIn0=",
          "dependencies": [
            "module.lamp-vpc.aws_vpc.lamp-vpc"
          ]
        }
      ]
    },
    {
      "module": "module.lamp-vpc",
      "mode": "managed",
      "type": "aws_internet_gateway",
      "name": "lamp_igw",
      "provider": "provider[\"registry.terraform.io/hashicorp/aws\"]",
      "instances": [
        {
          "schema_version": 0,
          "attributes": {
            "arn": "arn:aws:ec2:us-east-1:356031655355:internet-gateway/igw-0a14b6de4489c2810",
            "id": "igw-0a14b6de4489c2810",
            "owner_id": "356031655355",
            "tags": {
              "Environment": "prod",
              "ManagedBy": "terraform",
              "Name": "my-lamp-igw",
              "Project": "lamp"
            },
            "tags_all": {
              "Environment": "prod",
              "ManagedBy": "terraform",
              "Name": "my-lamp-igw",
              "Project": "lamp"
            },
            "timeouts": null,
            "vpc_id": "vpc-04c3fbcceff1f45b7"
          },
          "sensitive_attributes": [],
          "private": "eyJlMmJmYjczMC1lY2FhLTExZTYtOGY4OC0zNDM2M2JjN2M0YzAiOnsiY3JlYXRlIjoxMjAwMDAwMDAwMDAwLCJkZWxldGUiOjEyMDAwMDAwMDAwMDAsInVwZGF0ZSI6MTIwMDAwMDAwMDAwMH19",
          "dependencies": [
            "module.lamp-vpc.aws_vpc.lamp-vpc"
          ]
        }
      ]
    },
    {
      "module": "module.lamp-vpc",
      "mode": "managed",
      "type": "aws_route",
      "name": "public_route",
      "provider": "provider[\"registry.terraform.io/hashicorp/aws\"]",
      "instances": [
        {
          "schema_version": 0,
          "attributes": {
            "carrier_gateway_id": "",
            "core_network_arn": "",
            "destination_cidr_block": "0.0.0.0/0",
            "destination_ipv6_cidr_block": "",
            "destination_prefix_list_id": "",
            "egress_only_gateway_id": "",
            "gateway_id": "igw-0a14b6de4489c2810",
            "id": "r-rtb-03da96f618b4e24091080289494",
            "instance_id": "",
            "instance_owner_id": "",
            "local_gateway_id": "",
            "nat_gateway_id": "",
            "network_interface_id": "",
            "origin": "CreateRoute",
            "route_table_id": "rtb-03da96f618b4e2409",
            "state": "active",
            "timeouts": null,
            "transit_gateway_id": "",
            "vpc_endpoint_id": "",
            "vpc_peering_connection_id": ""
          },
          "sensitive_attributes": [],
          "private": "eyJlMmJmYjczMC1lY2FhLTExZTYtOGY4OC0zNDM2M2JjN2M0YzAiOnsiY3JlYXRlIjozMDAwMDAwMDAwMDAsImRlbGV0ZSI6MzAwMDAwMDAwMDAwLCJ1cGRhdGUiOjEyMDAwMDAwMDAwMH19",
          "dependencies": [
            "module.lamp-vpc.aws_internet_gateway.lamp_igw",
            "module.lamp-vpc.aws_route_table.lamp_rt",
            "module.lamp-vpc.aws_vpc.lamp-vpc"
          ]
        }
      ]
    },
    {
      "module": "module.lamp-vpc",
      "mode": "managed",
      "type": "aws_route_table",
      "name": "lamp_rt",
      "provider": "provider[\"registry.terraform.io/hashicorp/aws\"]",
      "instances": [
        {
          "schema_version": 0,
          "attributes": {
            "arn": "arn:aws:ec2:us-east-1:356031655355:route-table/rtb-03da96f618b4e2409",
            "id": "rtb-03da96f618b4e2409",
            "owner_id": "356031655355",
            "propagating_vgws": [],
            "route": [],
            "tags": {
              "Environment": "prod",
              "ManagedBy": "terraform",
              "Name": "my-lamp-rt",
              "Project": "lamp"
            },
            "tags_all": {
              "Environment": "prod",
              "ManagedBy": "terraform",
              "Name": "my-lamp-rt",
              "Project": "lamp"
            },
            "timeouts": null,
            "vpc_id": "vpc-04c3fbcceff1f45b7"
          },
          "sensitive_attributes": [],
          "private": "eyJlMmJmYjczMC1lY2FhLTExZTYtOGY4OC0zNDM2M2JjN2M0YzAiOnsiY3JlYXRlIjozMDAwMDAwMDAwMDAsImRlbGV0ZSI6MzAwMDAwMDAwMDAwLCJ1cGRhdGUiOjEyMDAwMDAwMDAwMH19",
          "dependencies": [
            "module.lamp-vpc.aws_vpc.lamp-vpc"
          ]
        }
      ]
    },
    {
      "module": "module.lamp-vpc",
      "mode": "managed",
      "type": "aws_route_table_association",
      "name": "route_assoc",
      "provider": "provider[\"registry.terraform.io/hashicorp/aws\"]",
      "instances": [
        {
          "index_key": "subnet_a",
          "schema_version": 0,
          "attributes": {
            "gateway_id": "",
            "id": "rtbassoc-0b4863d1d101b5407",
            "route_table_id": "rtb-03da96f618b4e2409",
            "subnet_id": "subnet-0a7993e3c62eda6f1",
            "timeouts": null
          },
          "sensitive_attributes": [],
          "private": "eyJlMmJmYjczMC1lY2FhLTExZTYtOGY4OC0zNDM2M2JjN2M0YzAiOnsiY3JlYXRlIjozMDAwMDAwMDAwMDAsImRlbGV0ZSI6MzAwMDAwMDAwMDAwLCJ1cGRhdGUiOjEyMDAwMDAwMDAwMH19",
          "dependencies": [
            "module.lamp-vpc.aws_route_table.lamp_rt",
            "module.lamp-vpc.aws_subnet.public_subnets",
            "module.lamp-vpc.aws_vpc.lamp-vpc"
          ]
        },
        {
          "index_key": "subnet_b",
          "schema_version": 0,
          "attributes": {
            "gateway_id": "",
            "id": "rtbassoc-04b67680d589fc9e8",
            "route_table_id": "rtb-03da96f618b4e2409",
            "subnet_id": "subnet-0e59c8e8ad1b63013",
            "timeouts": null
          },
          "sensitive_attributes": [],
          "private": "eyJlMmJmYjczMC1lY2FhLTExZTYtOGY4OC0zNDM2M2JjN2M0YzAiOnsiY3JlYXRlIjozMDAwMDAwMDAwMDAsImRlbGV0ZSI6MzAwMDAwMDAwMDAwLCJ1cGRhdGUiOjEyMDAwMDAwMDAwMH19",
          "dependencies": [
            "module.lamp-vpc.aws_route_table.lamp_rt",
            "module.lamp-vpc.aws_subnet.public_subnets",
            "module.lamp-vpc.aws_vpc.lamp-vpc"
          ]
        },
        {
          "index_key": "subnet_c",
          "schema_version": 0,
          "attributes": {
            "gateway_id": "",
            "id": "rtbassoc-0d8b13da5b7340d67",
            "route_table_id": "rtb-03da96f618b4e2409",
            "subnet_id": "subnet-035c90d72fb6e65dc",
            "timeouts": null
          },
          "sensitive_attributes": [],
          "private": "eyJlMmJmYjczMC1lY2FhLTExZTYtOGY4OC0zNDM2M2JjN2M0YzAiOnsiY3JlYXRlIjozMDAwMDAwMDAwMDAsImRlbGV0ZSI6MzAwMDAwMDAwMDAwLCJ1cGRhdGUiOjEyMDAwMDAwMDAwMH19",
          "dependencies": [
            "module.lamp-vpc.aws_route_table.lamp_rt",
            "module.lamp-vpc.aws_subnet.public_subnets",
            "module.lamp-vpc.aws_vpc.lamp-vpc"
          ]
        },
        {
          "index_key": "subnet_d",
          "schema_version": 0,
          "attributes": {
            "gateway_id": "",
            "id": "rtbassoc-05d4653631fe78060",
            "route_table_id": "rtb-03da96f618b4e2409",
            "subnet_id": "subnet-0b2abf6619b74b83b",
            "timeouts": null
          },
          "sensitive_attributes": [],
          "private": "eyJlMmJmYjczMC1lY2FhLTExZTYtOGY4OC0zNDM2M2JjN2M0YzAiOnsiY3JlYXRlIjozMDAwMDAwMDAwMDAsImRlbGV0ZSI6MzAwMDAwMDAwMDAwLCJ1cGRhdGUiOjEyMDAwMDAwMDAwMH19",
          "dependencies": [
            "module.lamp-vpc.aws_route_table.lamp_rt",
            "module.lamp-vpc.aws_subnet.public_subnets",
            "module.lamp-vpc.aws_vpc.lamp-vpc"
          ]
        }
      ]
    },
    {
      "module": "module.lamp-vpc",
      "mode": "managed",
      "type": "aws_subnet",
      "name": "public_subnets",
      "provider": "provider[\"registry.terraform.io/hashicorp/aws\"]",
      "instances": [
        {
          "index_key": "subnet_a",
          "schema_version": 1,
          "attributes": {
            "arn": "arn:aws:ec2:us-east-1:356031655355:subnet/subnet-0a7993e3c62eda6f1",
            "assign_ipv6_address_on_creation": false,
            "availability_zone": "us-east-1a",
            "availability_zone_id": "use1-az1",
            "cidr_block": "10.10.1.0/28",
            "customer_owned_ipv4_pool": "",
            "enable_dns64": false,
            "enable_lni_at_device_index": 0,
            "enable_resource_name_dns_a_record_on_launch": false,
            "enable_resource_name_dns_aaaa_record_on_launch": false,
            "id": "subnet-0a7993e3c62eda6f1",
            "ipv6_cidr_block": "",
            "ipv6_cidr_block_association_id": "",
            "ipv6_native": false,
            "map_customer_owned_ip_on_launch": false,
            "map_public_ip_on_launch": true,
            "outpost_arn": "",
            "owner_id": "356031655355",
            "private_dns_hostname_type_on_launch": "ip-name",
            "tags": {
              "Environment": "prod",
              "ManagedBy": "terraform",
              "Name": "us-east-1a",
              "Project": "lamp"
            },
            "tags_all": {
              "Environment": "prod",
              "ManagedBy": "terraform",
              "Name": "us-east-1a",
              "Project": "lamp"
            },
            "timeouts": null,
            "vpc_id": "vpc-04c3fbcceff1f45b7"
          },
          "sensitive_attributes": [],
          "private": "eyJlMmJmYjczMC1lY2FhLTExZTYtOGY4OC0zNDM2M2JjN2M0YzAiOnsiY3JlYXRlIjo2MDAwMDAwMDAwMDAsImRlbGV0ZSI6MTIwMDAwMDAwMDAwMH0sInNjaGVtYV92ZXJzaW9uIjoiMSJ9",
          "dependencies": [
            "module.lamp-vpc.aws_vpc.lamp-vpc"
          ]
        },
        {
          "index_key": "subnet_b",
          "schema_version": 1,
          "attributes": {
            "arn": "arn:aws:ec2:us-east-1:356031655355:subnet/subnet-0e59c8e8ad1b63013",
            "assign_ipv6_address_on_creation": false,
            "availability_zone": "us-east-1b",
            "availability_zone_id": "use1-az2",
            "cidr_block": "10.10.2.0/28",
            "customer_owned_ipv4_pool": "",
            "enable_dns64": false,
            "enable_lni_at_device_index": 0,
            "enable_resource_name_dns_a_record_on_launch": false,
            "enable_resource_name_dns_aaaa_record_on_launch": false,
            "id": "subnet-0e59c8e8ad1b63013",
            "ipv6_cidr_block": "",
            "ipv6_cidr_block_association_id": "",
            "ipv6_native": false,
            "map_customer_owned_ip_on_launch": false,
            "map_public_ip_on_launch": true,
            "outpost_arn": "",
            "owner_id": "356031655355",
            "private_dns_hostname_type_on_launch": "ip-name",
            "tags": {
              "Environment": "prod",
              "ManagedBy": "terraform",
              "Name": "us-east-1b",
              "Project": "lamp"
            },
            "tags_all": {
              "Environment": "prod",
              "ManagedBy": "terraform",
              "Name": "us-east-1b",
              "Project": "lamp"
            },
            "timeouts": null,
            "vpc_id": "vpc-04c3fbcceff1f45b7"
          },
          "sensitive_attributes": [],
          "private": "eyJlMmJmYjczMC1lY2FhLTExZTYtOGY4OC0zNDM2M2JjN2M0YzAiOnsiY3JlYXRlIjo2MDAwMDAwMDAwMDAsImRlbGV0ZSI6MTIwMDAwMDAwMDAwMH0sInNjaGVtYV92ZXJzaW9uIjoiMSJ9",
          "dependencies": [
            "module.lamp-vpc.aws_vpc.lamp-vpc"
          ]
        },
        {
          "index_key": "subnet_c",
          "schema_version": 1,
          "attributes": {
            "arn": "arn:aws:ec2:us-east-1:356031655355:subnet/subnet-035c90d72fb6e65dc",
            "assign_ipv6_address_on_creation": false,
            "availability_zone": "us-east-1c",
            "availability_zone_id": "use1-az4",
            "cidr_block": "10.10.3.0/28",
            "customer_owned_ipv4_pool": "",
            "enable_dns64": false,
            "enable_lni_at_device_index": 0,
            "enable_resource_name_dns_a_record_on_launch": false,
            "enable_resource_name_dns_aaaa_record_on_launch": false,
            "id": "subnet-035c90d72fb6e65dc",
            "ipv6_cidr_block": "",
            "ipv6_cidr_block_association_id": "",
            "ipv6_native": false,
            "map_customer_owned_ip_on_launch": false,
            "map_public_ip_on_launch": true,
            "outpost_arn": "",
            "owner_id": "356031655355",
            "private_dns_hostname_type_on_launch": "ip-name",
            "tags": {
              "Environment": "prod",
              "ManagedBy": "terraform",
              "Name": "us-east-1c",
              "Project": "lamp"
            },
            "tags_all": {
              "Environment": "prod",
              "ManagedBy": "terraform",
              "Name": "us-east-1c",
              "Project": "lamp"
            },
            "timeouts": null,
            "vpc_id": "vpc-04c3fbcceff1f45b7"
          },
          "sensitive_attributes": [],
          "private": "eyJlMmJmYjczMC1lY2FhLTExZTYtOGY4OC0zNDM2M2JjN2M0YzAiOnsiY3JlYXRlIjo2MDAwMDAwMDAwMDAsImRlbGV0ZSI6MTIwMDAwMDAwMDAwMH0sInNjaGVtYV92ZXJzaW9uIjoiMSJ9",
          "dependencies": [
            "module.lamp-vpc.aws_vpc.lamp-vpc"
          ]
        },
        {
          "index_key": "subnet_d",
          "schema_version": 1,
          "attributes": {
            "arn": "arn:aws:ec2:us-east-1:356031655355:subnet/subnet-0b2abf6619b74b83b",
            "assign_ipv6_address_on_creation": false,
            "availability_zone": "us-east-1d",
            "availability_zone_id": "use1-az6",
            "cidr_block": "10.10.4.0/28",
            "customer_owned_ipv4_pool": "",
            "enable_dns64": false,
            "enable_lni_at_device_index": 0,
            "enable_resource_name_dns_a_record_on_launch": false,
            "enable_resource_name_dns_aaaa_record_on_launch": false,
            "id": "subnet-0b2abf6619b74b83b",
            "ipv6_cidr_block": "",
            "ipv6_cidr_block_association_id": "",
            "ipv6_native": false,
            "map_customer_owned_ip_on_launch": false,
            "map_public_ip_on_launch": true,
            "outpost_arn": "",
            "owner_id": "356031655355",
            "private_dns_hostname_type_on_launch": "ip-name",
            "tags": {
              "Environment": "prod",
              "ManagedBy": "terraform",
              "Name": "us-east-1d",
              "Project": "lamp"
            },
            "tags_all": {
              "Environment": "prod",
              "ManagedBy": "terraform",
              "Name": "us-east-1d",
              "Project": "lamp"
            },
            "timeouts": null,
            "vpc_id": "vpc-04c3fbcceff1f45b7"
          },
          "sensitive_attributes": [],
          "private": "eyJlMmJmYjczMC1lY2FhLTExZTYtOGY4OC0zNDM2M2JjN2M0YzAiOnsiY3JlYXRlIjo2MDAwMDAwMDAwMDAsImRlbGV0ZSI6MTIwMDAwMDAwMDAwMH0sInNjaGVtYV92ZXJzaW9uIjoiMSJ9",
          "dependencies": [
            "module.lamp-vpc.aws_vpc.lamp-vpc"
          ]
        }
      ]
    },
    {
      "module": "module.lamp-vpc",
      "mode": "managed",
      "type": "aws_vpc",
      "name": "lamp-vpc",
      "provider": "provider[\"registry.terraform.io/hashicorp/aws\"]",
      "instances": [
        {
          "schema_version": 1,
          "attributes": {
            "arn": "arn:aws:ec2:us-east-1:356031655355:vpc/vpc-04c3fbcceff1f45b7",
            "assign_generated_ipv6_cidr_block": false,
            "cidr_block": "10.10.0.0/16",
            "default_network_acl_id": "acl-0a89c540a7b2772a8",
            "default_route_table_id": "rtb-027d1ff22b16db625",
            "default_security_group_id": "sg-0493607a39fc91d46",
            "dhcp_options_id": "dopt-09293ca0673bab044",
            "enable_dns_hostnames": false,
            "enable_dns_support": true,
            "enable_network_address_usage_metrics": false,
            "id": "vpc-04c3fbcceff1f45b7",
            "instance_tenancy": "default",
            "ipv4_ipam_pool_id": null,
            "ipv4_netmask_length": null,
            "ipv6_association_id": "",
            "ipv6_cidr_block": "",
            "ipv6_cidr_block_network_border_group": "",
            "ipv6_ipam_pool_id": "",
            "ipv6_netmask_length": 0,
            "main_route_table_id": "rtb-027d1ff22b16db625",
            "owner_id": "356031655355",
            "tags": {
              "Environment": "prod",
              "ManagedBy": "terraform",
              "Name": "my-lamp-vpc",
              "Project": "lamp"
            },
            "tags_all": {
              "Environment": "prod",
              "ManagedBy": "terraform",
              "Name": "my-lamp-vpc",
              "Project": "lamp"
            }
          },
          "sensitive_attributes": [],
          "private": "eyJzY2hlbWFfdmVyc2lvbiI6IjEifQ=="
        }
      ]
    }
  ],
  "check_results": null
}
